
Microsoft Visual Studio Solution File, Format Version 12.00
# Visual Studio Version 16
VisualStudioVersion = 16.0.31410.357
MinimumVisualStudioVersion = 10.0.40219.1
Project("{888888A0-9F3D-457C-B088-3A5042F75D52}") = "MegaSena", "MegaSena\MegaSena.pyproj", "{C0900A1A-D162-41C4-B3EB-6BA3EF89852F}"
EndProject
Global
	GlobalSection(SolutionConfigurationPlatforms) = preSolution
		Debug|Any CPU = Debug|Any CPU
		Release|Any CPU = Release|Any CPU
	EndGlobalSection
	GlobalSection(ProjectConfigurationPlatforms) = postSolution
		{C0900A1A-D162-41C4-B3EB-6BA3EF89852F}.Debug|Any CPU.ActiveCfg = Debug|Any CPU
		{C0900A1A-D162-41C4-B3EB-6BA3EF89852F}.Debug|Any CPU.Build.0 = Debug|Any CPU
		{C0900A1A-D162-41C4-B3EB-6BA3EF89852F}.Release|Any CPU.ActiveCfg = Release|Any CPU
		{C0900A1A-D162-41C4-B3EB-6BA3EF89852F}.Release|Any CPU.Build.0 = Release|Any CPU
	EndGlobalSection
	GlobalSection(SolutionProperties) = preSolution
		HideSolutionNode = FALSE
	EndGlobalSection
	GlobalSection(ExtensibilityGlobals) = postSolution
		SolutionGuid = {022D8A40-D134-447E-9DCD-8ECAE3552B16}
	EndGlobalSection
EndGlobal
